
Microsoft Visual Studio Solution File, Format Version 12.00
# Visual Studio Version 17
VisualStudioVersion = 17.9.34723.18
MinimumVisualStudioVersion = 10.0.40219.1
Project("{FAE04EC0-301F-11D3-BF4B-00C04F79EFBC}") = "ICA_09AdrianBaira", "ICA_09AdrianBaira.csproj", "{53C67B05-C846-422E-9453-2BB71302FDBA}"
EndProject
Global
	GlobalSection(SolutionConfigurationPlatforms) = preSolution
		Debug|Any CPU = Debug|Any CPU
		Release|Any CPU = Release|Any CPU
	EndGlobalSection
	GlobalSection(ProjectConfigurationPlatforms) = postSolution
		{53C67B05-C846-422E-9453-2BB71302FDBA}.Debug|Any CPU.ActiveCfg = Debug|Any CPU
		{53C67B05-C846-422E-9453-2BB71302FDBA}.Debug|Any CPU.Build.0 = Debug|Any CPU
		{53C67B05-C846-422E-9453-2BB71302FDBA}.Release|Any CPU.ActiveCfg = Release|Any CPU
		{53C67B05-C846-422E-9453-2BB71302FDBA}.Release|Any CPU.Build.0 = Release|Any CPU
	EndGlobalSection
	GlobalSection(SolutionProperties) = preSolution
		HideSolutionNode = FALSE
	EndGlobalSection
	GlobalSection(ExtensibilityGlobals) = postSolution
		SolutionGuid = {A061B550-E25A-4D5D-A223-16A7B739F144}
	EndGlobalSection
EndGlobal
