
Microsoft Visual Studio Solution File, Format Version 12.00
# Visual Studio Version 17
VisualStudioVersion = 17.9.34723.18
MinimumVisualStudioVersion = 10.0.40219.1
Project("{FAE04EC0-301F-11D3-BF4B-00C04F79EFBC}") = "ICA01_AdrianBaira", "ICA01_AdrianBaira.csproj", "{088EEE69-0766-4B00-8102-9168BB10D2EB}"
EndProject
Project("{FAE04EC0-301F-11D3-BF4B-00C04F79EFBC}") = "UnitTestProject1", "UnitTestProject1\UnitTestProject1.csproj", "{80218C4B-063F-4B6E-A5B9-FB534E5D071C}"
EndProject
Global
	GlobalSection(SolutionConfigurationPlatforms) = preSolution
		Debug|Any CPU = Debug|Any CPU
		Release|Any CPU = Release|Any CPU
	EndGlobalSection
	GlobalSection(ProjectConfigurationPlatforms) = postSolution
		{088EEE69-0766-4B00-8102-9168BB10D2EB}.Debug|Any CPU.ActiveCfg = Debug|Any CPU
		{088EEE69-0766-4B00-8102-9168BB10D2EB}.Debug|Any CPU.Build.0 = Debug|Any CPU
		{088EEE69-0766-4B00-8102-9168BB10D2EB}.Release|Any CPU.ActiveCfg = Release|Any CPU
		{088EEE69-0766-4B00-8102-9168BB10D2EB}.Release|Any CPU.Build.0 = Release|Any CPU
		{80218C4B-063F-4B6E-A5B9-FB534E5D071C}.Debug|Any CPU.ActiveCfg = Debug|Any CPU
		{80218C4B-063F-4B6E-A5B9-FB534E5D071C}.Debug|Any CPU.Build.0 = Debug|Any CPU
		{80218C4B-063F-4B6E-A5B9-FB534E5D071C}.Release|Any CPU.ActiveCfg = Release|Any CPU
		{80218C4B-063F-4B6E-A5B9-FB534E5D071C}.Release|Any CPU.Build.0 = Release|Any CPU
	EndGlobalSection
	GlobalSection(SolutionProperties) = preSolution
		HideSolutionNode = FALSE
	EndGlobalSection
	GlobalSection(ExtensibilityGlobals) = postSolution
		SolutionGuid = {8EAFE176-0A5A-44C8-9250-ACD8194C2C29}
	EndGlobalSection
EndGlobal
