
Microsoft Visual Studio Solution File, Format Version 12.00
# Visual Studio Version 17
VisualStudioVersion = 17.6.33829.357
MinimumVisualStudioVersion = 10.0.40219.1
Project("{FAE04EC0-301F-11D3-BF4B-00C04F79EFBC}") = "Lecture2Exercise2", "Lecture2Exercise2.csproj", "{EC3B60F1-DA64-4D58-B50E-FDE07DA7D013}"
EndProject
Global
	GlobalSection(SolutionConfigurationPlatforms) = preSolution
		Debug|Any CPU = Debug|Any CPU
		Release|Any CPU = Release|Any CPU
	EndGlobalSection
	GlobalSection(ProjectConfigurationPlatforms) = postSolution
		{EC3B60F1-DA64-4D58-B50E-FDE07DA7D013}.Debug|Any CPU.ActiveCfg = Debug|Any CPU
		{EC3B60F1-DA64-4D58-B50E-FDE07DA7D013}.Debug|Any CPU.Build.0 = Debug|Any CPU
		{EC3B60F1-DA64-4D58-B50E-FDE07DA7D013}.Release|Any CPU.ActiveCfg = Release|Any CPU
		{EC3B60F1-DA64-4D58-B50E-FDE07DA7D013}.Release|Any CPU.Build.0 = Release|Any CPU
	EndGlobalSection
	GlobalSection(SolutionProperties) = preSolution
		HideSolutionNode = FALSE
	EndGlobalSection
	GlobalSection(ExtensibilityGlobals) = postSolution
		SolutionGuid = {94C8665E-9BAB-4753-94B0-89CA0C335CE4}
	EndGlobalSection
EndGlobal
