
Microsoft Visual Studio Solution File, Format Version 12.00
# Visual Studio Version 17
VisualStudioVersion = 17.11.35303.130
MinimumVisualStudioVersion = 10.0.40219.1
Project("{FAE04EC0-301F-11D3-BF4B-00C04F79EFBC}") = "ICA02_AdrianB", "ICA02_AdrianB.csproj", "{799C4E45-CCD9-4ACA-857B-0D0BBE877EAD}"
EndProject
Global
	GlobalSection(SolutionConfigurationPlatforms) = preSolution
		Debug|Any CPU = Debug|Any CPU
		Release|Any CPU = Release|Any CPU
	EndGlobalSection
	GlobalSection(ProjectConfigurationPlatforms) = postSolution
		{799C4E45-CCD9-4ACA-857B-0D0BBE877EAD}.Debug|Any CPU.ActiveCfg = Debug|Any CPU
		{799C4E45-CCD9-4ACA-857B-0D0BBE877EAD}.Debug|Any CPU.Build.0 = Debug|Any CPU
		{799C4E45-CCD9-4ACA-857B-0D0BBE877EAD}.Release|Any CPU.ActiveCfg = Release|Any CPU
		{799C4E45-CCD9-4ACA-857B-0D0BBE877EAD}.Release|Any CPU.Build.0 = Release|Any CPU
	EndGlobalSection
	GlobalSection(SolutionProperties) = preSolution
		HideSolutionNode = FALSE
	EndGlobalSection
	GlobalSection(ExtensibilityGlobals) = postSolution
		SolutionGuid = {D1E7A6AC-5C83-4286-9900-4409375EC7C4}
	EndGlobalSection
EndGlobal
