
Microsoft Visual Studio Solution File, Format Version 12.00
# Visual Studio Version 17
VisualStudioVersion = 17.11.35327.3
MinimumVisualStudioVersion = 10.0.40219.1
Project("{FAE04EC0-301F-11D3-BF4B-00C04F79EFBC}") = "ICA16_AdrianBaira", "ICA16_AdrianBaira.csproj", "{36E99706-7083-4924-9963-2B90F1FD9936}"
EndProject
Global
	GlobalSection(SolutionConfigurationPlatforms) = preSolution
		Debug|Any CPU = Debug|Any CPU
		Release|Any CPU = Release|Any CPU
	EndGlobalSection
	GlobalSection(ProjectConfigurationPlatforms) = postSolution
		{36E99706-7083-4924-9963-2B90F1FD9936}.Debug|Any CPU.ActiveCfg = Debug|Any CPU
		{36E99706-7083-4924-9963-2B90F1FD9936}.Debug|Any CPU.Build.0 = Debug|Any CPU
		{36E99706-7083-4924-9963-2B90F1FD9936}.Release|Any CPU.ActiveCfg = Release|Any CPU
		{36E99706-7083-4924-9963-2B90F1FD9936}.Release|Any CPU.Build.0 = Release|Any CPU
	EndGlobalSection
	GlobalSection(SolutionProperties) = preSolution
		HideSolutionNode = FALSE
	EndGlobalSection
	GlobalSection(ExtensibilityGlobals) = postSolution
		SolutionGuid = {3736C508-C7FE-4D46-A641-7DF983CB0256}
	EndGlobalSection
EndGlobal
