
Microsoft Visual Studio Solution File, Format Version 12.00
# Visual Studio Version 17
VisualStudioVersion = 17.6.33829.357
MinimumVisualStudioVersion = 10.0.40219.1
Project("{FAE04EC0-301F-11D3-BF4B-00C04F79EFBC}") = "Lecture11 Demo 3-4", "Lecture11 Demo 3-4.csproj", "{B57DEC8E-25B5-420D-B819-CD64F620BE29}"
EndProject
Global
	GlobalSection(SolutionConfigurationPlatforms) = preSolution
		Debug|Any CPU = Debug|Any CPU
		Release|Any CPU = Release|Any CPU
	EndGlobalSection
	GlobalSection(ProjectConfigurationPlatforms) = postSolution
		{B57DEC8E-25B5-420D-B819-CD64F620BE29}.Debug|Any CPU.ActiveCfg = Debug|Any CPU
		{B57DEC8E-25B5-420D-B819-CD64F620BE29}.Debug|Any CPU.Build.0 = Debug|Any CPU
		{B57DEC8E-25B5-420D-B819-CD64F620BE29}.Release|Any CPU.ActiveCfg = Release|Any CPU
		{B57DEC8E-25B5-420D-B819-CD64F620BE29}.Release|Any CPU.Build.0 = Release|Any CPU
	EndGlobalSection
	GlobalSection(SolutionProperties) = preSolution
		HideSolutionNode = FALSE
	EndGlobalSection
	GlobalSection(ExtensibilityGlobals) = postSolution
		SolutionGuid = {35349EE6-2D55-44FC-B1CE-79FD85D04CC1}
	EndGlobalSection
EndGlobal
