
Microsoft Visual Studio Solution File, Format Version 12.00
# Visual Studio Version 17
VisualStudioVersion = 17.11.35327.3
MinimumVisualStudioVersion = 10.0.40219.1
Project("{FAE04EC0-301F-11D3-BF4B-00C04F79EFBC}") = "AbsSocket", "AbsSocket\AbsSocket.csproj", "{7BC47727-7263-4241-B2FB-A3E7623DC140}"
EndProject
Global
	GlobalSection(SolutionConfigurationPlatforms) = preSolution
		Debug|Any CPU = Debug|Any CPU
		Release|Any CPU = Release|Any CPU
	EndGlobalSection
	GlobalSection(ProjectConfigurationPlatforms) = postSolution
		{7BC47727-7263-4241-B2FB-A3E7623DC140}.Debug|Any CPU.ActiveCfg = Debug|Any CPU
		{7BC47727-7263-4241-B2FB-A3E7623DC140}.Debug|Any CPU.Build.0 = Debug|Any CPU
		{7BC47727-7263-4241-B2FB-A3E7623DC140}.Release|Any CPU.ActiveCfg = Release|Any CPU
		{7BC47727-7263-4241-B2FB-A3E7623DC140}.Release|Any CPU.Build.0 = Release|Any CPU
	EndGlobalSection
	GlobalSection(SolutionProperties) = preSolution
		HideSolutionNode = FALSE
	EndGlobalSection
	GlobalSection(ExtensibilityGlobals) = postSolution
		SolutionGuid = {D1B11848-DE8D-4A66-AC26-80A39523D76D}
	EndGlobalSection
EndGlobal
