
Microsoft Visual Studio Solution File, Format Version 12.00
# Visual Studio Version 16
VisualStudioVersion = 16.0.33214.272
MinimumVisualStudioVersion = 10.0.40219.1
Project("{FAE04EC0-301F-11D3-BF4B-00C04F79EFBC}") = "Lecture 11 demo 9 Predicatess", "Lecture 11 demo 9 Predicatess.csproj", "{29AC1443-1E0E-4C70-83C1-3689938D7110}"
EndProject
Global
	GlobalSection(SolutionConfigurationPlatforms) = preSolution
		Debug|Any CPU = Debug|Any CPU
		Release|Any CPU = Release|Any CPU
	EndGlobalSection
	GlobalSection(ProjectConfigurationPlatforms) = postSolution
		{29AC1443-1E0E-4C70-83C1-3689938D7110}.Debug|Any CPU.ActiveCfg = Debug|Any CPU
		{29AC1443-1E0E-4C70-83C1-3689938D7110}.Debug|Any CPU.Build.0 = Debug|Any CPU
		{29AC1443-1E0E-4C70-83C1-3689938D7110}.Release|Any CPU.ActiveCfg = Release|Any CPU
		{29AC1443-1E0E-4C70-83C1-3689938D7110}.Release|Any CPU.Build.0 = Release|Any CPU
	EndGlobalSection
	GlobalSection(SolutionProperties) = preSolution
		HideSolutionNode = FALSE
	EndGlobalSection
	GlobalSection(ExtensibilityGlobals) = postSolution
		SolutionGuid = {40D5A4CD-E380-425B-9819-E86E06FFCC9F}
	EndGlobalSection
EndGlobal
