
Microsoft Visual Studio Solution File, Format Version 12.00
# Visual Studio Version 17
VisualStudioVersion = 17.11.35303.130
MinimumVisualStudioVersion = 10.0.40219.1
Project("{FAE04EC0-301F-11D3-BF4B-00C04F79EFBC}") = "ICA14", "ICA14.csproj", "{AD7477A3-E27D-4234-BDF2-4799E13138E5}"
EndProject
Global
	GlobalSection(SolutionConfigurationPlatforms) = preSolution
		Debug|Any CPU = Debug|Any CPU
		Release|Any CPU = Release|Any CPU
	EndGlobalSection
	GlobalSection(ProjectConfigurationPlatforms) = postSolution
		{AD7477A3-E27D-4234-BDF2-4799E13138E5}.Debug|Any CPU.ActiveCfg = Debug|Any CPU
		{AD7477A3-E27D-4234-BDF2-4799E13138E5}.Debug|Any CPU.Build.0 = Debug|Any CPU
		{AD7477A3-E27D-4234-BDF2-4799E13138E5}.Release|Any CPU.ActiveCfg = Release|Any CPU
		{AD7477A3-E27D-4234-BDF2-4799E13138E5}.Release|Any CPU.Build.0 = Release|Any CPU
	EndGlobalSection
	GlobalSection(SolutionProperties) = preSolution
		HideSolutionNode = FALSE
	EndGlobalSection
	GlobalSection(ExtensibilityGlobals) = postSolution
		SolutionGuid = {59B9A64F-0EAB-4D69-AA03-88A0851CCCE9}
	EndGlobalSection
EndGlobal
