
Microsoft Visual Studio Solution File, Format Version 12.00
# Visual Studio Version 17
VisualStudioVersion = 17.11.35303.130
MinimumVisualStudioVersion = 10.0.40219.1
Project("{FAE04EC0-301F-11D3-BF4B-00C04F79EFBC}") = "ICA_03_AdrianB", "ICA_03_AdrianB.csproj", "{3FCF4D80-C53A-4C9D-8C5F-2E31DE6A27E4}"
EndProject
Global
	GlobalSection(SolutionConfigurationPlatforms) = preSolution
		Debug|Any CPU = Debug|Any CPU
		Release|Any CPU = Release|Any CPU
	EndGlobalSection
	GlobalSection(ProjectConfigurationPlatforms) = postSolution
		{3FCF4D80-C53A-4C9D-8C5F-2E31DE6A27E4}.Debug|Any CPU.ActiveCfg = Debug|Any CPU
		{3FCF4D80-C53A-4C9D-8C5F-2E31DE6A27E4}.Debug|Any CPU.Build.0 = Debug|Any CPU
		{3FCF4D80-C53A-4C9D-8C5F-2E31DE6A27E4}.Release|Any CPU.ActiveCfg = Release|Any CPU
		{3FCF4D80-C53A-4C9D-8C5F-2E31DE6A27E4}.Release|Any CPU.Build.0 = Release|Any CPU
	EndGlobalSection
	GlobalSection(SolutionProperties) = preSolution
		HideSolutionNode = FALSE
	EndGlobalSection
	GlobalSection(ExtensibilityGlobals) = postSolution
		SolutionGuid = {6ED32E48-BCAE-4E87-876B-EFA6C91C1CF8}
	EndGlobalSection
EndGlobal
