
Microsoft Visual Studio Solution File, Format Version 12.00
# Visual Studio Version 16
VisualStudioVersion = 16.0.33214.272
MinimumVisualStudioVersion = 10.0.40219.1
Project("{FAE04EC0-301F-11D3-BF4B-00C04F79EFBC}") = "ICA14_AdrianBaira", "ICA14_AdrianBaira.csproj", "{048E12B9-6F76-40B0-843F-30355B065055}"
EndProject
Global
	GlobalSection(SolutionConfigurationPlatforms) = preSolution
		Debug|Any CPU = Debug|Any CPU
		Release|Any CPU = Release|Any CPU
	EndGlobalSection
	GlobalSection(ProjectConfigurationPlatforms) = postSolution
		{048E12B9-6F76-40B0-843F-30355B065055}.Debug|Any CPU.ActiveCfg = Debug|Any CPU
		{048E12B9-6F76-40B0-843F-30355B065055}.Debug|Any CPU.Build.0 = Debug|Any CPU
		{048E12B9-6F76-40B0-843F-30355B065055}.Release|Any CPU.ActiveCfg = Release|Any CPU
		{048E12B9-6F76-40B0-843F-30355B065055}.Release|Any CPU.Build.0 = Release|Any CPU
	EndGlobalSection
	GlobalSection(SolutionProperties) = preSolution
		HideSolutionNode = FALSE
	EndGlobalSection
	GlobalSection(ExtensibilityGlobals) = postSolution
		SolutionGuid = {B74223DE-2A05-4FF0-A96C-AA2EE213E646}
	EndGlobalSection
EndGlobal
