
Microsoft Visual Studio Solution File, Format Version 12.00
# Visual Studio Version 17
VisualStudioVersion = 17.11.35303.130
MinimumVisualStudioVersion = 10.0.40219.1
Project("{FAE04EC0-301F-11D3-BF4B-00C04F79EFBC}") = "ica03_AdrianBaira", "ica03_AdrianBaira\ica03_AdrianBaira.csproj", "{0D623A15-1942-4C5A-B822-A659234B12FC}"
EndProject
Global
	GlobalSection(SolutionConfigurationPlatforms) = preSolution
		Debug|Any CPU = Debug|Any CPU
		Release|Any CPU = Release|Any CPU
	EndGlobalSection
	GlobalSection(ProjectConfigurationPlatforms) = postSolution
		{0D623A15-1942-4C5A-B822-A659234B12FC}.Debug|Any CPU.ActiveCfg = Debug|Any CPU
		{0D623A15-1942-4C5A-B822-A659234B12FC}.Debug|Any CPU.Build.0 = Debug|Any CPU
		{0D623A15-1942-4C5A-B822-A659234B12FC}.Release|Any CPU.ActiveCfg = Release|Any CPU
		{0D623A15-1942-4C5A-B822-A659234B12FC}.Release|Any CPU.Build.0 = Release|Any CPU
	EndGlobalSection
	GlobalSection(SolutionProperties) = preSolution
		HideSolutionNode = FALSE
	EndGlobalSection
	GlobalSection(ExtensibilityGlobals) = postSolution
		SolutionGuid = {F0865452-4D1F-4B2C-BC12-2A827BA9BF04}
	EndGlobalSection
EndGlobal
